<?xml version="1.0" encoding="utf-8"?>
<Project ToolsVersion="4.0" xmlns="http://schemas.microsoft.com/developer/msbuild/2003">
  <ItemGroup>
    <Filter Include="Source Files">
      <UniqueIdentifier>{4FC737F1-C7A5-4376-A066-2A32D752A2FF}</UniqueIdentifier>
      <Extensions>cpp;c;cc;cxx;def;odl;idl;hpj;bat;asm;asmx</Extensions>
    </Filter>
    <Filter Include="Header Files">
      <UniqueIdentifier>{93995380-89BD-4b04-88EB-625FBE52EBFB}</UniqueIdentifier>
      <Extensions>h;hpp;hxx;hm;inl;inc;xsd</Extensions>
    </Filter>
    <Filter Include="Resource Files">
      <UniqueIdentifier>{67DA6AB6-F800-4c08-8B7A-83BB121AAD01}</UniqueIdentifier>
      <Extensions>rc;ico;cur;bmp;dlg;rc2;rct;bin;rgs;gif;jpg;jpeg;jpe;resx;tiff;tif;png;wav;mfcribbon-ms</Extensions>
    </Filter>
    <Filter Include="CGameObject">
      <UniqueIdentifier>{8eaec019-b1e3-4d91-a465-8ed4b18ffaef}</UniqueIdentifier>
    </Filter>
    <Filter Include="Factory">
      <UniqueIdentifier>{4a695244-233e-4fef-bff0-481f0c387941}</UniqueIdentifier>
    </Filter>
    <Filter Include="CCommand">
      <UniqueIdentifier>{68accc8a-d67b-4208-a1d0-f9dce0d10284}</UniqueIdentifier>
    </Filter>
    <Filter Include="Shaders">
      <UniqueIdentifier>{957a0b5c-8266-4cf8-a6fc-265eb68af9d7}</UniqueIdentifier>
    </Filter>
    <Filter Include="CPly">
      <UniqueIdentifier>{baf20193-6799-49b5-8204-d3511330eb91}</UniqueIdentifier>
    </Filter>
    <Filter Include="CModelLoaderManager">
      <UniqueIdentifier>{f87d65a9-f321-4d08-8ba1-ecc344f0b288}</UniqueIdentifier>
    </Filter>
    <Filter Include="Types">
      <UniqueIdentifier>{74729f01-a4a2-4c24-ab88-0b2c6a62f65f}</UniqueIdentifier>
    </Filter>
    <Filter Include="Shader or Render">
      <UniqueIdentifier>{c37aa6b4-dc4a-4438-87f8-cd5d730c4132}</UniqueIdentifier>
    </Filter>
    <Filter Include="CCamera">
      <UniqueIdentifier>{c55edc6a-a300-441f-b30c-2894d6a358c1}</UniqueIdentifier>
    </Filter>
  </ItemGroup>
  <ItemGroup>
    <ClCompile Include="SuperBasic_GLEW_freeGLUT.cpp">
      <Filter>Source Files</Filter>
    </ClCompile>
    <ClCompile Include="CVertex.cpp">
      <Filter>Source Files</Filter>
    </ClCompile>
    <ClCompile Include="CTriangle.cpp">
      <Filter>Source Files</Filter>
    </ClCompile>
    <ClCompile Include="CHRTimer.cpp">
      <Filter>Source Files</Filter>
    </ClCompile>
    <ClCompile Include="CGameObject.cpp">
      <Filter>CGameObject</Filter>
    </ClCompile>
    <ClCompile Include="CFactoryMediator.cpp">
      <Filter>Factory</Filter>
    </ClCompile>
    <ClCompile Include="CNameValuePair.cpp">
      <Filter>CCommand</Filter>
    </ClCompile>
    <ClCompile Include="CMessage.cpp">
      <Filter>CCommand</Filter>
    </ClCompile>
    <ClCompile Include="CBunny.cpp">
      <Filter>CGameObject</Filter>
    </ClCompile>
    <ClCompile Include="CNinjaTeapot.cpp">
      <Filter>CGameObject</Filter>
    </ClCompile>
    <ClCompile Include="CPlyFile5nt.cpp">
      <Filter>CPly</Filter>
    </ClCompile>
    <ClCompile Include="global.cpp">
      <Filter>Source Files</Filter>
    </ClCompile>
    <ClCompile Include="CModelLoaderManager.cpp">
      <Filter>CModelLoaderManager</Filter>
    </ClCompile>
    <ClCompile Include="CVector3f.cpp">
      <Filter>Types</Filter>
    </ClCompile>
    <ClCompile Include="ShaderTypes.cpp">
      <Filter>Shader or Render</Filter>
    </ClCompile>
    <ClCompile Include="OpenGL_Initialize.cpp">
      <Filter>Shader or Render</Filter>
    </ClCompile>
    <ClCompile Include="glutReshape_callback.cpp">
      <Filter>Shader or Render</Filter>
    </ClCompile>
    <ClCompile Include="glutDisplay_callback.cpp">
      <Filter>Shader or Render</Filter>
    </ClCompile>
    <ClCompile Include="glutKeyboardSpecial_callbacks.cpp">
      <Filter>Shader or Render</Filter>
    </ClCompile>
    <ClCompile Include="glutClose_callback.cpp">
      <Filter>Shader or Render</Filter>
    </ClCompile>
    <ClCompile Include="VertexTypes.cpp">
      <Filter>Shader or Render</Filter>
    </ClCompile>
    <ClCompile Include="Utils_NO_LONGER_NEEDED.cpp">
      <Filter>Source Files</Filter>
    </ClCompile>
    <ClCompile Include="CCamera.cpp">
      <Filter>CCamera</Filter>
    </ClCompile>
    <ClCompile Include="printTheWhatsThisProgramAboutBlurb.cpp">
      <Filter>Source Files</Filter>
    </ClCompile>
    <ClCompile Include="ShaderUniformVariables.cpp">
      <Filter>Shader or Render</Filter>
    </ClCompile>
    <ClCompile Include="pugixml.cpp">
      <Filter>Source Files</Filter>
    </ClCompile>
    <ClCompile Include="XmlUpdate.cpp">
      <Filter>Source Files</Filter>
    </ClCompile>
    <ClCompile Include="glfont2.cpp">
      <Filter>Source Files</Filter>
    </ClCompile>
    <ClCompile Include="LangXml.cpp">
      <Filter>Source Files</Filter>
    </ClCompile>
  </ItemGroup>
  <ItemGroup>
    <ClInclude Include="CVertex.h">
      <Filter>Header Files</Filter>
    </ClInclude>
    <ClInclude Include="CTriangle.h">
      <Filter>Header Files</Filter>
    </ClInclude>
    <ClInclude Include="CHRTimer.h">
      <Filter>Header Files</Filter>
    </ClInclude>
    <ClInclude Include="QnDPly.h">
      <Filter>Header Files</Filter>
    </ClInclude>
    <ClInclude Include="CGameObject.h">
      <Filter>CGameObject</Filter>
    </ClInclude>
    <ClInclude Include="IMediator.h">
      <Filter>Factory</Filter>
    </ClInclude>
    <ClInclude Include="IFactory.h">
      <Filter>Factory</Filter>
    </ClInclude>
    <ClInclude Include="CFactoryMediator.h">
      <Filter>Factory</Filter>
    </ClInclude>
    <ClInclude Include="CNameValuePair.h">
      <Filter>CCommand</Filter>
    </ClInclude>
    <ClInclude Include="CMessage.h">
      <Filter>CCommand</Filter>
    </ClInclude>
    <ClInclude Include="CBunny.h">
      <Filter>CGameObject</Filter>
    </ClInclude>
    <ClInclude Include="CNinjaTeapot.h">
      <Filter>CGameObject</Filter>
    </ClInclude>
    <ClInclude Include="CPlyInfo.h">
      <Filter>CPly</Filter>
    </ClInclude>
    <ClInclude Include="CPlyFile5nt.h">
      <Filter>CPly</Filter>
    </ClInclude>
    <ClInclude Include="global.h">
      <Filter>Header Files</Filter>
    </ClInclude>
    <ClInclude Include="CModelLoaderManager.h">
      <Filter>CModelLoaderManager</Filter>
    </ClInclude>
    <ClInclude Include="CVector3f.h">
      <Filter>Types</Filter>
    </ClInclude>
    <ClInclude Include="CVector4f.h">
      <Filter>Types</Filter>
    </ClInclude>
    <ClInclude Include="ShaderTypes.h">
      <Filter>Shader or Render</Filter>
    </ClInclude>
    <ClInclude Include="VertexTypes.h">
      <Filter>Shader or Render</Filter>
    </ClInclude>
    <ClInclude Include="Utils_NO_LONGER_NEEDED.h">
      <Filter>Header Files</Filter>
    </ClInclude>
    <ClInclude Include="CCamera.h">
      <Filter>CCamera</Filter>
    </ClInclude>
    <ClInclude Include="ShaderUniformVariables.h">
      <Filter>Shader or Render</Filter>
    </ClInclude>
    <ClInclude Include="XmlUpdate.h">
      <Filter>Header Files</Filter>
    </ClInclude>
    <ClInclude Include="LangXml.h">
      <Filter>Header Files</Filter>
    </ClInclude>
  </ItemGroup>
  <ItemGroup>
    <Text Include="whats_this.txt">
      <Filter>Source Files</Filter>
    </Text>
  </ItemGroup>
  <ItemGroup>
    <None Include="shaders\OpenGLProgGuidMutipleLights.fragment.glsl">
      <Filter>Shaders</Filter>
    </None>
    <None Include="shaders\OpenGLProgGuidMutipleLights.vertex.glsl">
      <Filter>Shaders</Filter>
    </None>
    <None Include="shaders\PointLight_OpenGLGuide.fragment.glsl">
      <Filter>Shaders</Filter>
    </None>
    <None Include="shaders\PointLight_OpenGLGuide.vertex.glsl">
      <Filter>Shaders</Filter>
    </None>
    <None Include="shaders\SimpleShader.fragment.glsl">
      <Filter>Shaders</Filter>
    </None>
    <None Include="shaders\SimpleShader.vertex.glsl">
      <Filter>Shaders</Filter>
    </None>
  </ItemGroup>
</Project>